
Microsoft Visual Studio Solution File, Format Version 12.00
# Visual Studio Version 17
VisualStudioVersion = 17.11.35327.3
MinimumVisualStudioVersion = 10.0.40219.1
Project("{FAE04EC0-301F-11D3-BF4B-00C04F79EFBC}") = "Lab_4", "Lab_4.csproj", "{B5C1A45D-2B04-48B7-A4D7-B57961328B52}"
EndProject
Global
	GlobalSection(SolutionConfigurationPlatforms) = preSolution
		Debug|Any CPU = Debug|Any CPU
		Release|Any CPU = Release|Any CPU
	EndGlobalSection
	GlobalSection(ProjectConfigurationPlatforms) = postSolution
		{B5C1A45D-2B04-48B7-A4D7-B57961328B52}.Debug|Any CPU.ActiveCfg = Debug|Any CPU
		{B5C1A45D-2B04-48B7-A4D7-B57961328B52}.Debug|Any CPU.Build.0 = Debug|Any CPU
		{B5C1A45D-2B04-48B7-A4D7-B57961328B52}.Release|Any CPU.ActiveCfg = Release|Any CPU
		{B5C1A45D-2B04-48B7-A4D7-B57961328B52}.Release|Any CPU.Build.0 = Release|Any CPU
	EndGlobalSection
	GlobalSection(SolutionProperties) = preSolution
		HideSolutionNode = FALSE
	EndGlobalSection
	GlobalSection(ExtensibilityGlobals) = postSolution
		SolutionGuid = {C7F7AAB8-4F0F-441F-A51B-CF41901F9EB1}
	EndGlobalSection
EndGlobal
